{
  "version": "5",
  "specifiers": {
    "jsr:@luca/esbuild-deno-loader@~0.11.1": "0.11.1",
    "jsr:@std/bytes@^1.0.2": "1.0.6",
    "jsr:@std/cli@^1.0.21": "1.0.21",
    "jsr:@std/encoding@^1.0.10": "1.0.10",
    "jsr:@std/encoding@^1.0.5": "1.0.10",
    "jsr:@std/fmt@^1.0.8": "1.0.8",
    "jsr:@std/fs@^1.0.19": "1.0.19",
    "jsr:@std/html@^1.0.4": "1.0.4",
    "jsr:@std/http@^1.0.20": "1.0.20",
    "jsr:@std/internal@^1.0.9": "1.0.10",
    "jsr:@std/media-types@^1.1.0": "1.1.0",
    "jsr:@std/net@^1.0.4": "1.0.4",
    "jsr:@std/path@^1.0.6": "1.1.1",
    "jsr:@std/path@^1.1.1": "1.1.1",
    "jsr:@std/streams@^1.0.10": "1.0.10"
  },
  "jsr": {
    "@luca/esbuild-deno-loader@0.11.1": {
      "integrity": "dc020d16d75b591f679f6b9288b10f38bdb4f24345edb2f5732affa1d9885267",
      "dependencies": [
        "jsr:@std/bytes",
        "jsr:@std/encoding@^1.0.5",
        "jsr:@std/path@^1.0.6"
      ]
    },
    "@std/bytes@1.0.6": {
      "integrity": "f6ac6adbd8ccd99314045f5703e23af0a68d7f7e58364b47d2c7f408aeb5820a"
    },
    "@std/cli@1.0.21": {
      "integrity": "cd25b050bdf6282e321854e3822bee624f07aca7636a3a76d95f77a3a919ca2a"
    },
    "@std/encoding@1.0.10": {
      "integrity": "8783c6384a2d13abd5e9e87a7ae0520a30e9f56aeeaa3bdf910a3eaaf5c811a1"
    },
    "@std/fmt@1.0.8": {
      "integrity": "71e1fc498787e4434d213647a6e43e794af4fd393ef8f52062246e06f7e372b7"
    },
    "@std/fs@1.0.19": {
      "integrity": "051968c2b1eae4d2ea9f79a08a3845740ef6af10356aff43d3e2ef11ed09fb06",
      "dependencies": [
        "jsr:@std/internal",
        "jsr:@std/path@^1.1.1"
      ]
    },
    "@std/html@1.0.4": {
      "integrity": "eff3497c08164e6ada49b7f81a28b5108087033823153d065e3f89467dd3d50e"
    },
    "@std/http@1.0.20": {
      "integrity": "b5cc33fc001bccce65ed4c51815668c9891c69ccd908295997e983d8f56070a1",
      "dependencies": [
        "jsr:@std/cli",
        "jsr:@std/encoding@^1.0.10",
        "jsr:@std/fmt",
        "jsr:@std/fs",
        "jsr:@std/html",
        "jsr:@std/media-types",
        "jsr:@std/net",
        "jsr:@std/path@^1.1.1",
        "jsr:@std/streams"
      ]
    },
    "@std/internal@1.0.10": {
      "integrity": "e3be62ce42cab0e177c27698e5d9800122f67b766a0bea6ca4867886cbde8cf7"
    },
    "@std/media-types@1.1.0": {
      "integrity": "c9d093f0c05c3512932b330e3cc1fe1d627b301db33a4c2c2185c02471d6eaa4"
    },
    "@std/net@1.0.4": {
      "integrity": "2f403b455ebbccf83d8a027d29c5a9e3a2452fea39bb2da7f2c04af09c8bc852"
    },
    "@std/path@1.1.1": {
      "integrity": "fe00026bd3a7e6a27f73709b83c607798be40e20c81dde655ce34052fd82ec76",
      "dependencies": [
        "jsr:@std/internal"
      ]
    },
    "@std/streams@1.0.10": {
      "integrity": "75c0b1431873cd0d8b3d679015220204d36d3c7420d93b60acfc379eb0dc30af"
    }
  },
  "remote": {
    "https://deno.land/x/denoflate@1.2.1/mod.ts": "f5628e44b80b3d80ed525afa2ba0f12408e3849db817d47a883b801f9ce69dd6",
    "https://deno.land/x/denoflate@1.2.1/pkg/denoflate.js": "b9f9ad9457d3f12f28b1fb35c555f57443427f74decb403113d67364e4f2caf4",
    "https://deno.land/x/denoflate@1.2.1/pkg/denoflate_bg.wasm.js": "d581956245407a2115a3d7e8d85a9641c032940a8e810acbd59ca86afd34d44d",
    "https://deno.land/x/esbuild@v0.25.8/mod.js": "a3a34e05849068a0f6e3b3f8d30d3f4affaa9e7b39b1877718caca560dab2132",
    "https://esm.sh/maplibre-gl@5.6.1": "a449d20306ef0d2cd59043c0847390468f7dd2e860ab3bc5e5b5855f1122715d",
    "https://esm.sh/maplibre-gl@5.6.1/denonext/maplibre-gl.mjs": "af678cecad549008de8efea9a0a4fcce288c293199b97a657b54fd82b760c6e8",
    "https://esm.sh/maplibre-gl@5.6.2": "e5e4fda9992d86530e9094d9cfdb2462be0223be0388d56f90280b76b5f888f8",
    "https://esm.sh/maplibre-gl@5.6.2/denonext/maplibre-gl.bundle.mjs": "ef3cb084c0248c978ae2a7922fcbc69e6a42a056986d1e55de0e3dbc28b17be9",
    "https://esm.sh/maplibre-gl@5.6.2/denonext/maplibre-gl.mjs": "5dca7a67ab9f75c21bc420c7379e754504b9d95e8d9401cc6527517d5b8d9ba1",
    "https://esm.sh/maplibre-gl@5.6.2?bundle": "7fc6639af1a3eaf824b7da146ab469340e167752b997c2a16de29e5a72a50d77",
    "https://esm.sh/preact@10.27.0": "776698beac034ab4634ae1cebceb6eb73c0e34e236fc72695f59b2a5367ff43e",
    "https://esm.sh/preact@10.27.0/denonext/hooks.mjs": "634b5ae7db24f00c67f9f6f26f62c3ffaf5e97136f15f92aea78049f13b5fc97",
    "https://esm.sh/preact@10.27.0/denonext/jsx-runtime.mjs": "eca8d082839db06e1964509be699072222b5822483819dc5ac96d7fee1201343",
    "https://esm.sh/preact@10.27.0/denonext/preact.mjs": "7c0a67d0152259c63d2afea05ce8791f6f4e38ef355fdab8a2c71989cf590c3d",
    "https://esm.sh/preact@10.27.0/hooks": "a090f7d24cfb893dd639270d7a6b74205269d921ef5733fdc430ec5c645f032d",
    "https://esm.sh/preact@10.27.0/jsx-runtime": "f33f69315b770515e473b14403cef9c49f3427ff61016041220e36505ab8cc68"
  },
  "workspace": {
    "dependencies": [
      "jsr:@luca/esbuild-deno-loader@~0.11.1",
      "jsr:@std/assert@^1.0.13",
      "jsr:@std/cli@^1.0.21",
      "jsr:@std/fmt@^1.0.8",
      "jsr:@std/fs@^1.0.19",
      "jsr:@std/http@^1.0.20",
      "jsr:@std/path@^1.1.1"
    ]
  }
}
